
Microsoft Visual Studio Solution File, Format Version 12.00
# Visual Studio Version 17
VisualStudioVersion = 17.3.32922.545
MinimumVisualStudioVersion = 10.0.40219.1
Project("{FAE04EC0-301F-11D3-BF4B-00C04F79EFBC}") = "WindowsFormsApp1", "WindowsFormsApp1\WindowsFormsApp1.csproj", "{D4541C25-DA11-4C97-BA08-F5D60176DDCD}"
EndProject
Global
	GlobalSection(SolutionConfigurationPlatforms) = preSolution
		Debug|Any CPU = Debug|Any CPU
		Debug|x64 = Debug|x64
		Release|Any CPU = Release|Any CPU
		Release|x64 = Release|x64
	EndGlobalSection
	GlobalSection(ProjectConfigurationPlatforms) = postSolution
		{D4541C25-DA11-4C97-BA08-F5D60176DDCD}.Debug|Any CPU.ActiveCfg = Debug|Any CPU
		{D4541C25-DA11-4C97-BA08-F5D60176DDCD}.Debug|Any CPU.Build.0 = Debug|Any CPU
		{D4541C25-DA11-4C97-BA08-F5D60176DDCD}.Debug|x64.ActiveCfg = Debug|x64
		{D4541C25-DA11-4C97-BA08-F5D60176DDCD}.Debug|x64.Build.0 = Debug|x64
		{D4541C25-DA11-4C97-BA08-F5D60176DDCD}.Release|Any CPU.ActiveCfg = Release|Any CPU
		{D4541C25-DA11-4C97-BA08-F5D60176DDCD}.Release|Any CPU.Build.0 = Release|Any CPU
		{D4541C25-DA11-4C97-BA08-F5D60176DDCD}.Release|x64.ActiveCfg = Release|x64
		{D4541C25-DA11-4C97-BA08-F5D60176DDCD}.Release|x64.Build.0 = Release|x64
	EndGlobalSection
	GlobalSection(SolutionProperties) = preSolution
		HideSolutionNode = FALSE
	EndGlobalSection
	GlobalSection(ExtensibilityGlobals) = postSolution
		SolutionGuid = {13EA0F75-0367-4E49-A0BF-F6932B4D0ADD}
	EndGlobalSection
EndGlobal
