
Microsoft Visual Studio Solution File, Format Version 12.00
# Visual Studio Version 17
VisualStudioVersion = 17.2.32630.192
MinimumVisualStudioVersion = 10.0.40219.1
Project("{FAE04EC0-301F-11D3-BF4B-00C04F79EFBC}") = "DefExport", "DefExport\DefExport.csproj", "{DED228FE-10B5-42B3-9590-1FD2F08D8EA0}"
EndProject
Global
	GlobalSection(SolutionConfigurationPlatforms) = preSolution
		Debug|Any CPU = Debug|Any CPU
		Release|Any CPU = Release|Any CPU
	EndGlobalSection
	GlobalSection(ProjectConfigurationPlatforms) = postSolution
		{DED228FE-10B5-42B3-9590-1FD2F08D8EA0}.Debug|Any CPU.ActiveCfg = Debug|Any CPU
		{DED228FE-10B5-42B3-9590-1FD2F08D8EA0}.Debug|Any CPU.Build.0 = Debug|Any CPU
		{DED228FE-10B5-42B3-9590-1FD2F08D8EA0}.Release|Any CPU.ActiveCfg = Release|Any CPU
		{DED228FE-10B5-42B3-9590-1FD2F08D8EA0}.Release|Any CPU.Build.0 = Release|Any CPU
	EndGlobalSection
	GlobalSection(SolutionProperties) = preSolution
		HideSolutionNode = FALSE
	EndGlobalSection
	GlobalSection(ExtensibilityGlobals) = postSolution
		SolutionGuid = {FA072941-836C-4403-ACEC-26462D4AE350}
	EndGlobalSection
EndGlobal
